<Solution>
  <Folder Name="/benchmarks/">
    <Project Path="benchmarks/HighPerf.Benchmarks/HighPerf.Benchmarks.csproj" />
  </Folder>
  <Folder Name="/src/">
    <Project Path="src/HighPerf.Api/HighPerf.Api.csproj" />
    <Project Path="src/HighPerf.Geo/HighPerf.Geo.csproj" />
  </Folder>
  <Folder Name="/tests/">
    <Project Path="tests/HighPerf.Api.Tests/HighPerf.Api.Tests.csproj" />
    <Project Path="tests/HighPerf.Geo.Tests/HighPerf.Geo.Tests.csproj" />
  </Folder>
</Solution>
